
Microsoft Visual Studio Solution File, Format Version 12.00
# Visual Studio Version 16
VisualStudioVersion = 16.0.31515.178
MinimumVisualStudioVersion = 10.0.40219.1
Project("{FAE04EC0-301F-11D3-BF4B-00C04F79EFBC}") = "ConsoleApp14", "ConsoleApp14.csproj", "{305CC5A8-D69A-451A-A8D4-C261C4D439F8}"
EndProject
Global
	GlobalSection(SolutionConfigurationPlatforms) = preSolution
		Debug|Any CPU = Debug|Any CPU
		Release|Any CPU = Release|Any CPU
	EndGlobalSection
	GlobalSection(ProjectConfigurationPlatforms) = postSolution
		{305CC5A8-D69A-451A-A8D4-C261C4D439F8}.Debug|Any CPU.ActiveCfg = Debug|Any CPU
		{305CC5A8-D69A-451A-A8D4-C261C4D439F8}.Debug|Any CPU.Build.0 = Debug|Any CPU
		{305CC5A8-D69A-451A-A8D4-C261C4D439F8}.Release|Any CPU.ActiveCfg = Release|Any CPU
		{305CC5A8-D69A-451A-A8D4-C261C4D439F8}.Release|Any CPU.Build.0 = Release|Any CPU
	EndGlobalSection
	GlobalSection(SolutionProperties) = preSolution
		HideSolutionNode = FALSE
	EndGlobalSection
	GlobalSection(ExtensibilityGlobals) = postSolution
		SolutionGuid = {39DFB0CA-036F-41EE-8D2D-22AAE7A3C597}
	EndGlobalSection
EndGlobal
